// !$*UTF8*$!
{
	archiveVersion = 1;
	classes = {
	};
	objectVersion = 50;
	objects = {

/* Begin PBXBuildFile section */
		97196CAA23D891B300EEE6FD /* AppDelegate.swift in Sources */ = {isa = PBXBuildFile; fileRef = 97196CA923D891B300EEE6FD /* AppDelegate.swift */; };
		97196CAC23D891B300EEE6FD /* SceneDelegate.swift in Sources */ = {isa = PBXBuildFile; fileRef = 97196CAB23D891B300EEE6FD /* SceneDelegate.swift */; };
		97196CB123D891B300EEE6FD /* Main.storyboard in Resources */ = {isa = PBXBuildFile; fileRef = 97196CAF23D891B300EEE6FD /* Main.storyboard */; };
		97196CB323D891B400EEE6FD /* Assets.xcassets in Resources */ = {isa = PBXBuildFile; fileRef = 97196CB223D891B400EEE6FD /* Assets.xcassets */; };
		97196CB623D891B400EEE6FD /* LaunchScreen.storyboard in Resources */ = {isa = PBXBuildFile; fileRef = 97196CB423D891B400EEE6FD /* LaunchScreen.storyboard */; };
		97196CC423D8939200EEE6FD /* Card.swift in Sources */ = {isa = PBXBuildFile; fileRef = 97196CC323D8939200EEE6FD /* Card.swift */; };
		97196CC623D8942700EEE6FD /* CardController.swift in Sources */ = {isa = PBXBuildFile; fileRef = 97196CC523D8942700EEE6FD /* CardController.swift */; };
		97196CC823D8946000EEE6FD /* CardError.swift in Sources */ = {isa = PBXBuildFile; fileRef = 97196CC723D8946000EEE6FD /* CardError.swift */; };
		97196CCA23D89C4D00EEE6FD /* UIViewControllerExtension.swift in Sources */ = {isa = PBXBuildFile; fileRef = 97196CC923D89C4D00EEE6FD /* UIViewControllerExtension.swift */; };
		97196CCC23D89CF200EEE6FD /* CardViewController.swift in Sources */ = {isa = PBXBuildFile; fileRef = 97196CCB23D89CF200EEE6FD /* CardViewController.swift */; };
/* End PBXBuildFile section */

/* Begin PBXFileReference section */
		97196CA623D891B300EEE6FD /* DeckOfOneCard.app */ = {isa = PBXFileReference; explicitFileType = wrapper.application; includeInIndex = 0; path = DeckOfOneCard.app; sourceTree = BUILT_PRODUCTS_DIR; };
		97196CA923D891B300EEE6FD /* AppDelegate.swift */ = {isa = PBXFileReference; lastKnownFileType = sourcecode.swift; path = AppDelegate.swift; sourceTree = "<group>"; };
		97196CAB23D891B300EEE6FD /* SceneDelegate.swift */ = {isa = PBXFileReference; lastKnownFileType = sourcecode.swift; path = SceneDelegate.swift; sourceTree = "<group>"; };
		97196CB023D891B300EEE6FD /* Base */ = {isa = PBXFileReference; lastKnownFileType = file.storyboard; name = Base; path = Base.lproj/Main.storyboard; sourceTree = "<group>"; };
		97196CB223D891B400EEE6FD /* Assets.xcassets */ = {isa = PBXFileReference; lastKnownFileType = folder.assetcatalog; path = Assets.xcassets; sourceTree = "<group>"; };
		97196CB523D891B400EEE6FD /* Base */ = {isa = PBXFileReference; lastKnownFileType = file.storyboard; name = Base; path = Base.lproj/LaunchScreen.storyboard; sourceTree = "<group>"; };
		97196CB723D891B400EEE6FD /* Info.plist */ = {isa = PBXFileReference; lastKnownFileType = text.plist.xml; path = Info.plist; sourceTree = "<group>"; };
		97196CC323D8939200EEE6FD /* Card.swift */ = {isa = PBXFileReference; lastKnownFileType = sourcecode.swift; path = Card.swift; sourceTree = "<group>"; };
		97196CC523D8942700EEE6FD /* CardController.swift */ = {isa = PBXFileReference; lastKnownFileType = sourcecode.swift; path = CardController.swift; sourceTree = "<group>"; };
		97196CC723D8946000EEE6FD /* CardError.swift */ = {isa = PBXFileReference; lastKnownFileType = sourcecode.swift; path = CardError.swift; sourceTree = "<group>"; };
		97196CC923D89C4D00EEE6FD /* UIViewControllerExtension.swift */ = {isa = PBXFileReference; lastKnownFileType = sourcecode.swift; path = UIViewControllerExtension.swift; sourceTree = "<group>"; };
		97196CCB23D89CF200EEE6FD /* CardViewController.swift */ = {isa = PBXFileReference; lastKnownFileType = sourcecode.swift; path = CardViewController.swift; sourceTree = "<group>"; };
/* End PBXFileReference section */

/* Begin PBXFrameworksBuildPhase section */
		97196CA323D891B300EEE6FD /* Frameworks */ = {
			isa = PBXFrameworksBuildPhase;
			buildActionMask = 2147483647;
			files = (
			);
			runOnlyForDeploymentPostprocessing = 0;
		};
/* End PBXFrameworksBuildPhase section */

/* Begin PBXGroup section */
		97196C9D23D891B300EEE6FD = {
			isa = PBXGroup;
			children = (
				97196CA823D891B300EEE6FD /* DeckOfOneCard */,
				97196CA723D891B300EEE6FD /* Products */,
			);
			sourceTree = "<group>";
		};
		97196CA723D891B300EEE6FD /* Products */ = {
			isa = PBXGroup;
			children = (
				97196CA623D891B300EEE6FD /* DeckOfOneCard.app */,
			);
			name = Products;
			sourceTree = "<group>";
		};
		97196CA823D891B300EEE6FD /* DeckOfOneCard */ = {
			isa = PBXGroup;
			children = (
				97196CBE23D891DE00EEE6FD /* Models */,
				97196CC223D8920800EEE6FD /* Storyboard */,
				97196CBF23D891E500EEE6FD /* Controllers */,
				97196CBD23D891C100EEE6FD /* Resources */,
			);
			path = DeckOfOneCard;
			sourceTree = "<group>";
		};
		97196CBD23D891C100EEE6FD /* Resources */ = {
			isa = PBXGroup;
			children = (
				97196CA923D891B300EEE6FD /* AppDelegate.swift */,
				97196CAB23D891B300EEE6FD /* SceneDelegate.swift */,
				97196CB223D891B400EEE6FD /* Assets.xcassets */,
				97196CB423D891B400EEE6FD /* LaunchScreen.storyboard */,
				97196CB723D891B400EEE6FD /* Info.plist */,
			);
			path = Resources;
			sourceTree = "<group>";
		};
		97196CBE23D891DE00EEE6FD /* Models */ = {
			isa = PBXGroup;
			children = (
				97196CC323D8939200EEE6FD /* Card.swift */,
				97196CC723D8946000EEE6FD /* CardError.swift */,
			);
			path = Models;
			sourceTree = "<group>";
		};
		97196CBF23D891E500EEE6FD /* Controllers */ = {
			isa = PBXGroup;
			children = (
				97196CC123D891FB00EEE6FD /* View Controller */,
				97196CC023D891F400EEE6FD /* Model Controller */,
			);
			path = Controllers;
			sourceTree = "<group>";
		};
		97196CC023D891F400EEE6FD /* Model Controller */ = {
			isa = PBXGroup;
			children = (
				97196CC523D8942700EEE6FD /* CardController.swift */,
			);
			path = "Model Controller";
			sourceTree = "<group>";
		};
		97196CC123D891FB00EEE6FD /* View Controller */ = {
			isa = PBXGroup;
			children = (
				97196CC923D89C4D00EEE6FD /* UIViewControllerExtension.swift */,
				97196CCB23D89CF200EEE6FD /* CardViewController.swift */,
			);
			path = "View Controller";
			sourceTree = "<group>";
		};
		97196CC223D8920800EEE6FD /* Storyboard */ = {
			isa = PBXGroup;
			children = (
				97196CAF23D891B300EEE6FD /* Main.storyboard */,
			);
			path = Storyboard;
			sourceTree = "<group>";
		};
/* End PBXGroup section */

/* Begin PBXNativeTarget section */
		97196CA523D891B300EEE6FD /* DeckOfOneCard */ = {
			isa = PBXNativeTarget;
			buildConfigurationList = 97196CBA23D891B400EEE6FD /* Build configuration list for PBXNativeTarget "DeckOfOneCard" */;
			buildPhases = (
				97196CA223D891B300EEE6FD /* Sources */,
				97196CA323D891B300EEE6FD /* Frameworks */,
				97196CA423D891B300EEE6FD /* Resources */,
			);
			buildRules = (
			);
			dependencies = (
			);
			name = DeckOfOneCard;
			productName = DeckOfOneCard;
			productReference = 97196CA623D891B300EEE6FD /* DeckOfOneCard.app */;
			productType = "com.apple.product-type.application";
		};
/* End PBXNativeTarget section */

/* Begin PBXProject section */
		97196C9E23D891B300EEE6FD /* Project object */ = {
			isa = PBXProject;
			attributes = {
				LastSwiftUpdateCheck = 1130;
				LastUpgradeCheck = 1130;
				ORGANIZATIONNAME = "Poff Daddy";
				TargetAttributes = {
					97196CA523D891B300EEE6FD = {
						CreatedOnToolsVersion = 11.3.1;
					};
				};
			};
			buildConfigurationList = 97196CA123D891B300EEE6FD /* Build configuration list for PBXProject "DeckOfOneCard" */;
			compatibilityVersion = "Xcode 9.3";
			developmentRegion = en;
			hasScannedForEncodings = 0;
			knownRegions = (
				en,
				Base,
			);
			mainGroup = 97196C9D23D891B300EEE6FD;
			productRefGroup = 97196CA723D891B300EEE6FD /* Products */;
			projectDirPath = "";
			projectRoot = "";
			targets = (
				97196CA523D891B300EEE6FD /* DeckOfOneCard */,
			);
		};
/* End PBXProject section */

/* Begin PBXResourcesBuildPhase section */
		97196CA423D891B300EEE6FD /* Resources */ = {
			isa = PBXResourcesBuildPhase;
			buildActionMask = 2147483647;
			files = (
				97196CB623D891B400EEE6FD /* LaunchScreen.storyboard in Resources */,
				97196CB323D891B400EEE6FD /* Assets.xcassets in Resources */,
				97196CB123D891B300EEE6FD /* Main.storyboard in Resources */,
			);
			runOnlyForDeploymentPostprocessing = 0;
		};
/* End PBXResourcesBuildPhase section */

/* Begin PBXSourcesBuildPhase section */
		97196CA223D891B300EEE6FD /* Sources */ = {
			isa = PBXSourcesBuildPhase;
			buildActionMask = 2147483647;
			files = (
				97196CAA23D891B300EEE6FD /* AppDelegate.swift in Sources */,
				97196CCC23D89CF200EEE6FD /* CardViewController.swift in Sources */,
				97196CC623D8942700EEE6FD /* CardController.swift in Sources */,
				97196CCA23D89C4D00EEE6FD /* UIViewControllerExtension.swift in Sources */,
				97196CC423D8939200EEE6FD /* Card.swift in Sources */,
				97196CC823D8946000EEE6FD /* CardError.swift in Sources */,
				97196CAC23D891B300EEE6FD /* SceneDelegate.swift in Sources */,
			);
			runOnlyForDeploymentPostprocessing = 0;
		};
/* End PBXSourcesBuildPhase section */

/* Begin PBXVariantGroup section */
		97196CAF23D891B300EEE6FD /* Main.storyboard */ = {
			isa = PBXVariantGroup;
			children = (
				97196CB023D891B300EEE6FD /* Base */,
			);
			name = Main.storyboard;
			sourceTree = "<group>";
		};
		97196CB423D891B400EEE6FD /* LaunchScreen.storyboard */ = {
			isa = PBXVariantGroup;
			children = (
				97196CB523D891B400EEE6FD /* Base */,
			);
			name = LaunchScreen.storyboard;
			sourceTree = "<group>";
		};
/* End PBXVariantGroup section */

/* Begin XCBuildConfiguration section */
		97196CB823D891B400EEE6FD /* Debug */ = {
			isa = XCBuildConfiguration;
			buildSettings = {
				ALWAYS_SEARCH_USER_PATHS = NO;
				CLANG_ANALYZER_NONNULL = YES;
				CLANG_ANALYZER_NUMBER_OBJECT_CONVERSION = YES_AGGRESSIVE;
				CLANG_CXX_LANGUAGE_STANDARD = "gnu++14";
				CLANG_CXX_LIBRARY = "libc++";
				CLANG_ENABLE_MODULES = YES;
				CLANG_ENABLE_OBJC_ARC = YES;
				CLANG_ENABLE_OBJC_WEAK = YES;
				CLANG_WARN_BLOCK_CAPTURE_AUTORELEASING = YES;
				CLANG_WARN_BOOL_CONVERSION = YES;
				CLANG_WARN_COMMA = YES;
				CLANG_WARN_CONSTANT_CONVERSION = YES;
				CLANG_WARN_DEPRECATED_OBJC_IMPLEMENTATIONS = YES;
				CLANG_WARN_DIRECT_OBJC_ISA_USAGE = YES_ERROR;
				CLANG_WARN_DOCUMENTATION_COMMENTS = YES;
				CLANG_WARN_EMPTY_BODY = YES;
				CLANG_WARN_ENUM_CONVERSION = YES;
				CLANG_WARN_INFINITE_RECURSION = YES;
				CLANG_WARN_INT_CONVERSION = YES;
				CLANG_WARN_NON_LITERAL_NULL_CONVERSION = YES;
				CLANG_WARN_OBJC_IMPLICIT_RETAIN_SELF = YES;
				CLANG_WARN_OBJC_LITERAL_CONVERSION = YES;
				CLANG_WARN_OBJC_ROOT_CLASS = YES_ERROR;
				CLANG_WARN_RANGE_LOOP_ANALYSIS = YES;
				CLANG_WARN_STRICT_PROTOTYPES = YES;
				CLANG_WARN_SUSPICIOUS_MOVE = YES;
				CLANG_WARN_UNGUARDED_AVAILABILITY = YES_AGGRESSIVE;
				CLANG_WARN_UNREACHABLE_CODE = YES;
				CLANG_WARN__DUPLICATE_METHOD_MATCH = YES;
				COPY_PHASE_STRIP = NO;
				DEBUG_INFORMATION_FORMAT = dwarf;
				ENABLE_STRICT_OBJC_MSGSEND = YES;
				ENABLE_TESTABILITY = YES;
				GCC_C_LANGUAGE_STANDARD = gnu11;
				GCC_DYNAMIC_NO_PIC = NO;
				GCC_NO_COMMON_BLOCKS = YES;
				GCC_OPTIMIZATION_LEVEL = 0;
				GCC_PREPROCESSOR_DEFINITIONS = (
					"DEBUG=1",
					"$(inherited)",
				);
				GCC_WARN_64_TO_32_BIT_CONVERSION = YES;
				GCC_WARN_ABOUT_RETURN_TYPE = YES_ERROR;
				GCC_WARN_UNDECLARED_SELECTOR = YES;
				GCC_WARN_UNINITIALIZED_AUTOS = YES_AGGRESSIVE;
				GCC_WARN_UNUSED_FUNCTION = YES;
				GCC_WARN_UNUSED_VARIABLE = YES;
				IPHONEOS_DEPLOYMENT_TARGET = 13.2;
				MTL_ENABLE_DEBUG_INFO = INCLUDE_SOURCE;
				MTL_FAST_MATH = YES;
				ONLY_ACTIVE_ARCH = YES;
				SDKROOT = iphoneos;
				SWIFT_ACTIVE_COMPILATION_CONDITIONS = DEBUG;
				SWIFT_OPTIMIZATION_LEVEL = "-Onone";
			};
			name = Debug;
		};
		97196CB923D891B400EEE6FD /* Release */ = {
			isa = XCBuildConfiguration;
			buildSettings = {
				ALWAYS_SEARCH_USER_PATHS = NO;
				CLANG_ANALYZER_NONNULL = YES;
				CLANG_ANALYZER_NUMBER_OBJECT_CONVERSION = YES_AGGRESSIVE;
				CLANG_CXX_LANGUAGE_STANDARD = "gnu++14";
				CLANG_CXX_LIBRARY = "libc++";
				CLANG_ENABLE_MODULES = YES;
				CLANG_ENABLE_OBJC_ARC = YES;
				CLANG_ENABLE_OBJC_WEAK = YES;
				CLANG_WARN_BLOCK_CAPTURE_AUTORELEASING = YES;
				CLANG_WARN_BOOL_CONVERSION = YES;
				CLANG_WARN_COMMA = YES;
				CLANG_WARN_CONSTANT_CONVERSION = YES;
				CLANG_WARN_DEPRECATED_OBJC_IMPLEMENTATIONS = YES;
				CLANG_WARN_DIRECT_OBJC_ISA_USAGE = YES_ERROR;
				CLANG_WARN_DOCUMENTATION_COMMENTS = YES;
				CLANG_WARN_EMPTY_BODY = YES;
				CLANG_WARN_ENUM_CONVERSION = YES;
				CLANG_WARN_INFINITE_RECURSION = YES;
				CLANG_WARN_INT_CONVERSION = YES;
				CLANG_WARN_NON_LITERAL_NULL_CONVERSION = YES;
				CLANG_WARN_OBJC_IMPLICIT_RETAIN_SELF = YES;
				CLANG_WARN_OBJC_LITERAL_CONVERSION = YES;
				CLANG_WARN_OBJC_ROOT_CLASS = YES_ERROR;
				CLANG_WARN_RANGE_LOOP_ANALYSIS = YES;
				CLANG_WARN_STRICT_PROTOTYPES = YES;
				CLANG_WARN_SUSPICIOUS_MOVE = YES;
				CLANG_WARN_UNGUARDED_AVAILABILITY = YES_AGGRESSIVE;
				CLANG_WARN_UNREACHABLE_CODE = YES;
				CLANG_WARN__DUPLICATE_METHOD_MATCH = YES;
				COPY_PHASE_STRIP = NO;
				DEBUG_INFORMATION_FORMAT = "dwarf-with-dsym";
				ENABLE_NS_ASSERTIONS = NO;
				ENABLE_STRICT_OBJC_MSGSEND = YES;
				GCC_C_LANGUAGE_STANDARD = gnu11;
				GCC_NO_COMMON_BLOCKS = YES;
				GCC_WARN_64_TO_32_BIT_CONVERSION = YES;
				GCC_WARN_ABOUT_RETURN_TYPE = YES_ERROR;
				GCC_WARN_UNDECLARED_SELECTOR = YES;
				GCC_WARN_UNINITIALIZED_AUTOS = YES_AGGRESSIVE;
				GCC_WARN_UNUSED_FUNCTION = YES;
				GCC_WARN_UNUSED_VARIABLE = YES;
				IPHONEOS_DEPLOYMENT_TARGET = 13.2;
				MTL_ENABLE_DEBUG_INFO = NO;
				MTL_FAST_MATH = YES;
				SDKROOT = iphoneos;
				SWIFT_COMPILATION_MODE = wholemodule;
				SWIFT_OPTIMIZATION_LEVEL = "-O";
				VALIDATE_PRODUCT = YES;
			};
			name = Release;
		};
		97196CBB23D891B400EEE6FD /* Debug */ = {
			isa = XCBuildConfiguration;
			buildSettings = {
				ASSETCATALOG_COMPILER_APPICON_NAME = AppIcon;
				CODE_SIGN_STYLE = Automatic;
				DEVELOPMENT_TEAM = V4L99CL288;
				INFOPLIST_FILE = DeckOfOneCard/Resources/Info.plist;
				LD_RUNPATH_SEARCH_PATHS = (
					"$(inherited)",
					"@executable_path/Frameworks",
				);
				PRODUCT_BUNDLE_IDENTIFIER = "Max-Poff.DeckOfOneCard";
				PRODUCT_NAME = "$(TARGET_NAME)";
				SWIFT_VERSION = 5.0;
				TARGETED_DEVICE_FAMILY = "1,2";
			};
			name = Debug;
		};
		97196CBC23D891B400EEE6FD /* Release */ = {
			isa = XCBuildConfiguration;
			buildSettings = {
				ASSETCATALOG_COMPILER_APPICON_NAME = AppIcon;
				CODE_SIGN_STYLE = Automatic;
				DEVELOPMENT_TEAM = V4L99CL288;
				INFOPLIST_FILE = DeckOfOneCard/Resources/Info.plist;
				LD_RUNPATH_SEARCH_PATHS = (
					"$(inherited)",
					"@executable_path/Frameworks",
				);
				PRODUCT_BUNDLE_IDENTIFIER = "Max-Poff.DeckOfOneCard";
				PRODUCT_NAME = "$(TARGET_NAME)";
				SWIFT_VERSION = 5.0;
				TARGETED_DEVICE_FAMILY = "1,2";
			};
			name = Release;
		};
/* End XCBuildConfiguration section */

/* Begin XCConfigurationList section */
		97196CA123D891B300EEE6FD /* Build configuration list for PBXProject "DeckOfOneCard" */ = {
			isa = XCConfigurationList;
			buildConfigurations = (
				97196CB823D891B400EEE6FD /* Debug */,
				97196CB923D891B400EEE6FD /* Release */,
			);
			defaultConfigurationIsVisible = 0;
			defaultConfigurationName = Release;
		};
		97196CBA23D891B400EEE6FD /* Build configuration list for PBXNativeTarget "DeckOfOneCard" */ = {
			isa = XCConfigurationList;
			buildConfigurations = (
				97196CBB23D891B400EEE6FD /* Debug */,
				97196CBC23D891B400EEE6FD /* Release */,
			);
			defaultConfigurationIsVisible = 0;
			defaultConfigurationName = Release;
		};
/* End XCConfigurationList section */
	};
	rootObject = 97196C9E23D891B300EEE6FD /* Project object */;
}
